// !$*UTF8*$!
{
	archiveVersion = 1;
	classes = {
	};
	objectVersion = 50;
	objects = {

/* Begin PBXBuildFile section */
		CA09AF52255D24EF00AD1DBE /* GameView.swift in Sources */ = {isa = PBXBuildFile; fileRef = CA09AF51255D24EF00AD1DBE /* GameView.swift */; };
		CA93AB7F2559E5F5007B3D38 /* Assets.xcassets in Resources */ = {isa = PBXBuildFile; fileRef = CA93AB7E2559E5F5007B3D38 /* Assets.xcassets */; };
		CA93AB8A2559E89B007B3D38 /* Localizable.strings in Resources */ = {isa = PBXBuildFile; fileRef = CA93AB882559E89B007B3D38 /* Localizable.strings */; };
		CA93AB8D2559E8C4007B3D38 /* 2048-Swift.xib in Resources */ = {isa = PBXBuildFile; fileRef = CA93AB8B2559E8C4007B3D38 /* 2048-Swift.xib */; };
		CA93AB902559E9C4007B3D38 /* Cocoa.framework in Frameworks */ = {isa = PBXBuildFile; fileRef = CA93AB8F2559E9C4007B3D38 /* Cocoa.framework */; };
		CA93AB94255A2153007B3D38 /* GameController.swift in Sources */ = {isa = PBXBuildFile; fileRef = CA93AB93255A2153007B3D38 /* GameController.swift */; };
		CAC6D240255E1EC20067AE49 /* 2048.c in Sources */ = {isa = PBXBuildFile; fileRef = CAC6D23E255E1EC20067AE49 /* 2048.c */; };
/* End PBXBuildFile section */

/* Begin PBXFileReference section */
		CA09AF51255D24EF00AD1DBE /* GameView.swift */ = {isa = PBXFileReference; lastKnownFileType = sourcecode.swift; path = GameView.swift; sourceTree = "<group>"; usesTabs = 1; };
		CA93AB6A2559DA71007B3D38 /* 2048-Swift.app */ = {isa = PBXFileReference; explicitFileType = wrapper.application; includeInIndex = 0; path = "2048-Swift.app"; sourceTree = BUILT_PRODUCTS_DIR; };
		CA93AB7B2559E126007B3D38 /* 2048-Swift.entitlements */ = {isa = PBXFileReference; fileEncoding = 4; lastKnownFileType = text.plist.entitlements; path = "2048-Swift.entitlements"; sourceTree = "<group>"; };
		CA93AB7C2559E126007B3D38 /* Info.plist */ = {isa = PBXFileReference; fileEncoding = 4; lastKnownFileType = text.plist.xml; path = Info.plist; sourceTree = "<group>"; };
		CA93AB7E2559E5F5007B3D38 /* Assets.xcassets */ = {isa = PBXFileReference; lastKnownFileType = folder.assetcatalog; name = Assets.xcassets; path = "../2048-Cocoa/Xcode10/Assets.xcassets"; sourceTree = "<group>"; };
		CA93AB892559E89B007B3D38 /* English */ = {isa = PBXFileReference; lastKnownFileType = text.plist.strings; name = English; path = "../2048-Cocoa/English.lproj/Localizable.strings"; sourceTree = "<group>"; };
		CA93AB8C2559E8C4007B3D38 /* Base */ = {isa = PBXFileReference; lastKnownFileType = file.xib; name = Base; path = "Base.lproj/2048-Swift.xib"; sourceTree = "<group>"; };
		CA93AB8F2559E9C4007B3D38 /* Cocoa.framework */ = {isa = PBXFileReference; lastKnownFileType = wrapper.framework; name = Cocoa.framework; path = System/Library/Frameworks/Cocoa.framework; sourceTree = SDKROOT; };
		CA93AB93255A2153007B3D38 /* GameController.swift */ = {isa = PBXFileReference; lastKnownFileType = sourcecode.swift; path = GameController.swift; sourceTree = "<group>"; usesTabs = 1; };
		CAC6D23D255E1EC20067AE49 /* 2048-Swift-Bridging-Header.h */ = {isa = PBXFileReference; lastKnownFileType = sourcecode.c.h; path = "2048-Swift-Bridging-Header.h"; sourceTree = "<group>"; };
		CAC6D23E255E1EC20067AE49 /* 2048.c */ = {isa = PBXFileReference; lastKnownFileType = sourcecode.c.c; path = 2048.c; sourceTree = "<group>"; };
		CAC6D23F255E1EC20067AE49 /* 2048.h */ = {isa = PBXFileReference; lastKnownFileType = sourcecode.c.h; path = 2048.h; sourceTree = "<group>"; };
/* End PBXFileReference section */

/* Begin PBXFrameworksBuildPhase section */
		CA93AB672559DA71007B3D38 /* Frameworks */ = {
			isa = PBXFrameworksBuildPhase;
			buildActionMask = 2147483647;
			files = (
				CA93AB902559E9C4007B3D38 /* Cocoa.framework in Frameworks */,
			);
			runOnlyForDeploymentPostprocessing = 0;
		};
/* End PBXFrameworksBuildPhase section */

/* Begin PBXGroup section */
		CA93AB612559DA71007B3D38 = {
			isa = PBXGroup;
			children = (
				CAC6D23E255E1EC20067AE49 /* 2048.c */,
				CAC6D23F255E1EC20067AE49 /* 2048.h */,
				CAC6D23D255E1EC20067AE49 /* 2048-Swift-Bridging-Header.h */,
				CA09AF51255D24EF00AD1DBE /* GameView.swift */,
				CA93AB93255A2153007B3D38 /* GameController.swift */,
				CA93AB8B2559E8C4007B3D38 /* 2048-Swift.xib */,
				CA93AB882559E89B007B3D38 /* Localizable.strings */,
				CA93AB7E2559E5F5007B3D38 /* Assets.xcassets */,
				CA93AB7C2559E126007B3D38 /* Info.plist */,
				CA93AB7B2559E126007B3D38 /* 2048-Swift.entitlements */,
				CA93AB6B2559DA71007B3D38 /* Products */,
				CA93AB8E2559E9C3007B3D38 /* Frameworks */,
			);
			sourceTree = "<group>";
		};
		CA93AB6B2559DA71007B3D38 /* Products */ = {
			isa = PBXGroup;
			children = (
				CA93AB6A2559DA71007B3D38 /* 2048-Swift.app */,
			);
			name = Products;
			sourceTree = "<group>";
		};
		CA93AB8E2559E9C3007B3D38 /* Frameworks */ = {
			isa = PBXGroup;
			children = (
				CA93AB8F2559E9C4007B3D38 /* Cocoa.framework */,
			);
			name = Frameworks;
			sourceTree = "<group>";
		};
/* End PBXGroup section */

/* Begin PBXNativeTarget section */
		CA93AB692559DA71007B3D38 /* 2048-Swift */ = {
			isa = PBXNativeTarget;
			buildConfigurationList = CA93AB782559DA74007B3D38 /* Build configuration list for PBXNativeTarget "2048-Swift" */;
			buildPhases = (
				CA93AB662559DA71007B3D38 /* Sources */,
				CA93AB672559DA71007B3D38 /* Frameworks */,
				CA93AB682559DA71007B3D38 /* Resources */,
			);
			buildRules = (
			);
			dependencies = (
			);
			name = "2048-Swift";
			productName = "2048-Swift";
			productReference = CA93AB6A2559DA71007B3D38 /* 2048-Swift.app */;
			productType = "com.apple.product-type.application";
		};
/* End PBXNativeTarget section */

/* Begin PBXProject section */
		CA93AB622559DA71007B3D38 /* Project object */ = {
			isa = PBXProject;
			attributes = {
				LastSwiftUpdateCheck = 1010;
				LastUpgradeCheck = 1010;
				ORGANIZATIONNAME = EXL;
				TargetAttributes = {
					CA93AB692559DA71007B3D38 = {
						CreatedOnToolsVersion = 10.1;
						LastSwiftMigration = 1010;
						SystemCapabilities = {
							com.apple.Sandbox = {
								enabled = 1;
							};
						};
					};
				};
			};
			buildConfigurationList = CA93AB652559DA71007B3D38 /* Build configuration list for PBXProject "2048-Swift" */;
			compatibilityVersion = "Xcode 9.3";
			developmentRegion = en;
			hasScannedForEncodings = 0;
			knownRegions = (
				en,
				Base,
			);
			mainGroup = CA93AB612559DA71007B3D38;
			productRefGroup = CA93AB6B2559DA71007B3D38 /* Products */;
			projectDirPath = "";
			projectRoot = "";
			targets = (
				CA93AB692559DA71007B3D38 /* 2048-Swift */,
			);
		};
/* End PBXProject section */

/* Begin PBXResourcesBuildPhase section */
		CA93AB682559DA71007B3D38 /* Resources */ = {
			isa = PBXResourcesBuildPhase;
			buildActionMask = 2147483647;
			files = (
				CA93AB8D2559E8C4007B3D38 /* 2048-Swift.xib in Resources */,
				CA93AB7F2559E5F5007B3D38 /* Assets.xcassets in Resources */,
				CA93AB8A2559E89B007B3D38 /* Localizable.strings in Resources */,
			);
			runOnlyForDeploymentPostprocessing = 0;
		};
/* End PBXResourcesBuildPhase section */

/* Begin PBXSourcesBuildPhase section */
		CA93AB662559DA71007B3D38 /* Sources */ = {
			isa = PBXSourcesBuildPhase;
			buildActionMask = 2147483647;
			files = (
				CA93AB94255A2153007B3D38 /* GameController.swift in Sources */,
				CA09AF52255D24EF00AD1DBE /* GameView.swift in Sources */,
				CAC6D240255E1EC20067AE49 /* 2048.c in Sources */,
			);
			runOnlyForDeploymentPostprocessing = 0;
		};
/* End PBXSourcesBuildPhase section */

/* Begin PBXVariantGroup section */
		CA93AB882559E89B007B3D38 /* Localizable.strings */ = {
			isa = PBXVariantGroup;
			children = (
				CA93AB892559E89B007B3D38 /* English */,
			);
			name = Localizable.strings;
			sourceTree = "<group>";
		};
		CA93AB8B2559E8C4007B3D38 /* 2048-Swift.xib */ = {
			isa = PBXVariantGroup;
			children = (
				CA93AB8C2559E8C4007B3D38 /* Base */,
			);
			name = "2048-Swift.xib";
			sourceTree = "<group>";
		};
/* End PBXVariantGroup section */

/* Begin XCBuildConfiguration section */
		CA93AB762559DA74007B3D38 /* Debug */ = {
			isa = XCBuildConfiguration;
			buildSettings = {
				ALWAYS_SEARCH_USER_PATHS = NO;
				CLANG_ANALYZER_NONNULL = YES;
				CLANG_ANALYZER_NUMBER_OBJECT_CONVERSION = YES_AGGRESSIVE;
				CLANG_CXX_LANGUAGE_STANDARD = "gnu++14";
				CLANG_CXX_LIBRARY = "libc++";
				CLANG_ENABLE_MODULES = YES;
				CLANG_ENABLE_OBJC_ARC = YES;
				CLANG_ENABLE_OBJC_WEAK = YES;
				CLANG_WARN_BLOCK_CAPTURE_AUTORELEASING = YES;
				CLANG_WARN_BOOL_CONVERSION = YES;
				CLANG_WARN_COMMA = YES;
				CLANG_WARN_CONSTANT_CONVERSION = YES;
				CLANG_WARN_DEPRECATED_OBJC_IMPLEMENTATIONS = YES;
				CLANG_WARN_DIRECT_OBJC_ISA_USAGE = YES_ERROR;
				CLANG_WARN_DOCUMENTATION_COMMENTS = YES;
				CLANG_WARN_EMPTY_BODY = YES;
				CLANG_WARN_ENUM_CONVERSION = YES;
				CLANG_WARN_INFINITE_RECURSION = YES;
				CLANG_WARN_INT_CONVERSION = YES;
				CLANG_WARN_NON_LITERAL_NULL_CONVERSION = YES;
				CLANG_WARN_OBJC_IMPLICIT_RETAIN_SELF = YES;
				CLANG_WARN_OBJC_LITERAL_CONVERSION = YES;
				CLANG_WARN_OBJC_ROOT_CLASS = YES_ERROR;
				CLANG_WARN_RANGE_LOOP_ANALYSIS = YES;
				CLANG_WARN_STRICT_PROTOTYPES = YES;
				CLANG_WARN_SUSPICIOUS_MOVE = YES;
				CLANG_WARN_UNGUARDED_AVAILABILITY = YES_AGGRESSIVE;
				CLANG_WARN_UNREACHABLE_CODE = YES;
				CLANG_WARN__DUPLICATE_METHOD_MATCH = YES;
				CODE_SIGN_IDENTITY = "Mac Developer";
				COPY_PHASE_STRIP = NO;
				DEBUG_INFORMATION_FORMAT = dwarf;
				ENABLE_STRICT_OBJC_MSGSEND = YES;
				ENABLE_TESTABILITY = YES;
				GCC_C_LANGUAGE_STANDARD = gnu11;
				GCC_DYNAMIC_NO_PIC = NO;
				GCC_NO_COMMON_BLOCKS = YES;
				GCC_OPTIMIZATION_LEVEL = 0;
				GCC_PREPROCESSOR_DEFINITIONS = (
					"DEBUG=1",
					"$(inherited)",
				);
				GCC_WARN_64_TO_32_BIT_CONVERSION = YES;
				GCC_WARN_ABOUT_RETURN_TYPE = YES_ERROR;
				GCC_WARN_UNDECLARED_SELECTOR = YES;
				GCC_WARN_UNINITIALIZED_AUTOS = YES_AGGRESSIVE;
				GCC_WARN_UNUSED_FUNCTION = YES;
				GCC_WARN_UNUSED_VARIABLE = YES;
				MACOSX_DEPLOYMENT_TARGET = 10.13;
				MTL_ENABLE_DEBUG_INFO = INCLUDE_SOURCE;
				MTL_FAST_MATH = YES;
				ONLY_ACTIVE_ARCH = YES;
				SDKROOT = macosx;
				SWIFT_ACTIVE_COMPILATION_CONDITIONS = DEBUG;
				SWIFT_OPTIMIZATION_LEVEL = "-Onone";
			};
			name = Debug;
		};
		CA93AB772559DA74007B3D38 /* Release */ = {
			isa = XCBuildConfiguration;
			buildSettings = {
				ALWAYS_SEARCH_USER_PATHS = NO;
				CLANG_ANALYZER_NONNULL = YES;
				CLANG_ANALYZER_NUMBER_OBJECT_CONVERSION = YES_AGGRESSIVE;
				CLANG_CXX_LANGUAGE_STANDARD = "gnu++14";
				CLANG_CXX_LIBRARY = "libc++";
				CLANG_ENABLE_MODULES = YES;
				CLANG_ENABLE_OBJC_ARC = YES;
				CLANG_ENABLE_OBJC_WEAK = YES;
				CLANG_WARN_BLOCK_CAPTURE_AUTORELEASING = YES;
				CLANG_WARN_BOOL_CONVERSION = YES;
				CLANG_WARN_COMMA = YES;
				CLANG_WARN_CONSTANT_CONVERSION = YES;
				CLANG_WARN_DEPRECATED_OBJC_IMPLEMENTATIONS = YES;
				CLANG_WARN_DIRECT_OBJC_ISA_USAGE = YES_ERROR;
				CLANG_WARN_DOCUMENTATION_COMMENTS = YES;
				CLANG_WARN_EMPTY_BODY = YES;
				CLANG_WARN_ENUM_CONVERSION = YES;
				CLANG_WARN_INFINITE_RECURSION = YES;
				CLANG_WARN_INT_CONVERSION = YES;
				CLANG_WARN_NON_LITERAL_NULL_CONVERSION = YES;
				CLANG_WARN_OBJC_IMPLICIT_RETAIN_SELF = YES;
				CLANG_WARN_OBJC_LITERAL_CONVERSION = YES;
				CLANG_WARN_OBJC_ROOT_CLASS = YES_ERROR;
				CLANG_WARN_RANGE_LOOP_ANALYSIS = YES;
				CLANG_WARN_STRICT_PROTOTYPES = YES;
				CLANG_WARN_SUSPICIOUS_MOVE = YES;
				CLANG_WARN_UNGUARDED_AVAILABILITY = YES_AGGRESSIVE;
				CLANG_WARN_UNREACHABLE_CODE = YES;
				CLANG_WARN__DUPLICATE_METHOD_MATCH = YES;
				CODE_SIGN_IDENTITY = "Mac Developer";
				COPY_PHASE_STRIP = NO;
				DEBUG_INFORMATION_FORMAT = "dwarf-with-dsym";
				ENABLE_NS_ASSERTIONS = NO;
				ENABLE_STRICT_OBJC_MSGSEND = YES;
				GCC_C_LANGUAGE_STANDARD = gnu11;
				GCC_NO_COMMON_BLOCKS = YES;
				GCC_WARN_64_TO_32_BIT_CONVERSION = YES;
				GCC_WARN_ABOUT_RETURN_TYPE = YES_ERROR;
				GCC_WARN_UNDECLARED_SELECTOR = YES;
				GCC_WARN_UNINITIALIZED_AUTOS = YES_AGGRESSIVE;
				GCC_WARN_UNUSED_FUNCTION = YES;
				GCC_WARN_UNUSED_VARIABLE = YES;
				MACOSX_DEPLOYMENT_TARGET = 10.13;
				MTL_ENABLE_DEBUG_INFO = NO;
				MTL_FAST_MATH = YES;
				SDKROOT = macosx;
				SWIFT_COMPILATION_MODE = wholemodule;
				SWIFT_OPTIMIZATION_LEVEL = "-O";
			};
			name = Release;
		};
		CA93AB792559DA74007B3D38 /* Debug */ = {
			isa = XCBuildConfiguration;
			buildSettings = {
				ASSETCATALOG_COMPILER_APPICON_NAME = AppIcon;
				CLANG_ENABLE_MODULES = YES;
				CODE_SIGN_ENTITLEMENTS = "2048-Swift.entitlements";
				CODE_SIGN_STYLE = Automatic;
				COMBINE_HIDPI_IMAGES = YES;
				DEVELOPMENT_TEAM = AXV39C6QRF;
				GCC_WARN_INHIBIT_ALL_WARNINGS = NO;
				INFOPLIST_FILE = "$(SRCROOT)/Info.plist";
				LD_RUNPATH_SEARCH_PATHS = (
					"$(inherited)",
					"@executable_path/../Frameworks",
				);
				MACOSX_DEPLOYMENT_TARGET = 10.11;
				PRODUCT_BUNDLE_IDENTIFIER = ru.exlmoto.Swift2048;
				PRODUCT_MODULE_NAME = Swift2048;
				PRODUCT_NAME = "$(TARGET_NAME)";
				SWIFT_OBJC_BRIDGING_HEADER = "2048-Swift-Bridging-Header.h";
				SWIFT_OPTIMIZATION_LEVEL = "-Onone";
				SWIFT_VERSION = 4.0;
			};
			name = Debug;
		};
		CA93AB7A2559DA74007B3D38 /* Release */ = {
			isa = XCBuildConfiguration;
			buildSettings = {
				ASSETCATALOG_COMPILER_APPICON_NAME = AppIcon;
				CLANG_ENABLE_MODULES = YES;
				CODE_SIGN_ENTITLEMENTS = "2048-Swift.entitlements";
				CODE_SIGN_STYLE = Automatic;
				COMBINE_HIDPI_IMAGES = YES;
				COPY_PHASE_STRIP = YES;
				DEVELOPMENT_TEAM = AXV39C6QRF;
				GCC_GENERATE_DEBUGGING_SYMBOLS = NO;
				GCC_WARN_INHIBIT_ALL_WARNINGS = NO;
				INFOPLIST_FILE = "$(SRCROOT)/Info.plist";
				LD_RUNPATH_SEARCH_PATHS = (
					"$(inherited)",
					"@executable_path/../Frameworks",
				);
				MACOSX_DEPLOYMENT_TARGET = 10.11;
				PRODUCT_BUNDLE_IDENTIFIER = ru.exlmoto.Swift2048;
				PRODUCT_MODULE_NAME = Swift2048;
				PRODUCT_NAME = "$(TARGET_NAME)";
				SWIFT_OBJC_BRIDGING_HEADER = "2048-Swift-Bridging-Header.h";
				SWIFT_VERSION = 4.0;
			};
			name = Release;
		};
/* End XCBuildConfiguration section */

/* Begin XCConfigurationList section */
		CA93AB652559DA71007B3D38 /* Build configuration list for PBXProject "2048-Swift" */ = {
			isa = XCConfigurationList;
			buildConfigurations = (
				CA93AB762559DA74007B3D38 /* Debug */,
				CA93AB772559DA74007B3D38 /* Release */,
			);
			defaultConfigurationIsVisible = 0;
			defaultConfigurationName = Release;
		};
		CA93AB782559DA74007B3D38 /* Build configuration list for PBXNativeTarget "2048-Swift" */ = {
			isa = XCConfigurationList;
			buildConfigurations = (
				CA93AB792559DA74007B3D38 /* Debug */,
				CA93AB7A2559DA74007B3D38 /* Release */,
			);
			defaultConfigurationIsVisible = 0;
			defaultConfigurationName = Release;
		};
/* End XCConfigurationList section */
	};
	rootObject = CA93AB622559DA71007B3D38 /* Project object */;
}
